
Microsoft Visual Studio Solution File, Format Version 12.00
# Visual Studio Version 17
VisualStudioVersion = 17.0.31903.59
MinimumVisualStudioVersion = 10.0.40219.1
Project("{FAE04EC0-301F-11D3-BF4B-00C04F79EFBC}") = "HowYouFell.Api", "src\HowYouFell.Api.csproj", "{2FA68EA2-B347-4115-AE65-FE989A5F2EFC}"
EndProject
Project("{2150E333-8FDC-42A3-9474-1A3956D46DE8}") = "test", "test", "{2D47313E-E4CE-4F49-86BD-A87401FB733F}"
EndProject
Project("{FAE04EC0-301F-11D3-BF4B-00C04F79EFBC}") = "HowYouFell.Test.Unit", "test\unit\HowYouFell.Test.Unit.csproj", "{9FAF9324-EAD7-478C-9782-C1BC0EC82AA9}"
EndProject
Global
	GlobalSection(SolutionConfigurationPlatforms) = preSolution
		Debug|Any CPU = Debug|Any CPU
		Release|Any CPU = Release|Any CPU
	EndGlobalSection
	GlobalSection(SolutionProperties) = preSolution
		HideSolutionNode = FALSE
	EndGlobalSection
	GlobalSection(ProjectConfigurationPlatforms) = postSolution
		{2FA68EA2-B347-4115-AE65-FE989A5F2EFC}.Debug|Any CPU.ActiveCfg = Debug|Any CPU
		{2FA68EA2-B347-4115-AE65-FE989A5F2EFC}.Debug|Any CPU.Build.0 = Debug|Any CPU
		{2FA68EA2-B347-4115-AE65-FE989A5F2EFC}.Release|Any CPU.ActiveCfg = Release|Any CPU
		{2FA68EA2-B347-4115-AE65-FE989A5F2EFC}.Release|Any CPU.Build.0 = Release|Any CPU
		{9FAF9324-EAD7-478C-9782-C1BC0EC82AA9}.Debug|Any CPU.ActiveCfg = Debug|Any CPU
		{9FAF9324-EAD7-478C-9782-C1BC0EC82AA9}.Debug|Any CPU.Build.0 = Debug|Any CPU
		{9FAF9324-EAD7-478C-9782-C1BC0EC82AA9}.Release|Any CPU.ActiveCfg = Release|Any CPU
		{9FAF9324-EAD7-478C-9782-C1BC0EC82AA9}.Release|Any CPU.Build.0 = Release|Any CPU
	EndGlobalSection
	GlobalSection(NestedProjects) = preSolution
		{9FAF9324-EAD7-478C-9782-C1BC0EC82AA9} = {2D47313E-E4CE-4F49-86BD-A87401FB733F}
	EndGlobalSection
EndGlobal
